<?xml version="1.0" encoding="utf-8"?>
<Project ToolsVersion="4.0" xmlns="http://schemas.microsoft.com/developer/msbuild/2003">
  <ItemGroup>
    <Filter Include="Source Files">
      <UniqueIdentifier>{4FC737F1-C7A5-4376-A066-2A32D752A2FF}</UniqueIdentifier>
      <Extensions>cpp;c;cc;cxx;c++;cppm;ixx;def;odl;idl;hpj;bat;asm;asmx</Extensions>
    </Filter>
    <Filter Include="Header Files">
      <UniqueIdentifier>{93995380-89BD-4b04-88EB-625FBE52EBFB}</UniqueIdentifier>
      <Extensions>h;hh;hpp;hxx;h++;hm;inl;inc;ipp;xsd</Extensions>
    </Filter>
    <Filter Include="Resource Files">
      <UniqueIdentifier>{67DA6AB6-F800-4c08-8B7A-83BB121AAD01}</UniqueIdentifier>
      <Extensions>rc;ico;cur;bmp;dlg;rc2;rct;bin;rgs;gif;jpg;jpeg;jpe;resx;tiff;tif;png;wav;mfcribbon-ms</Extensions>
    </Filter>
    <Filter Include="Test Filter">
      <UniqueIdentifier>{a4cf2fda-b917-47f3-bfd4-4fb8fb62e697}</UniqueIdentifier>
    </Filter>
  </ItemGroup>
  <ItemGroup>
    <ClCompile Include="src\Application.cpp">
      <Filter>Source Files</Filter>
    </ClCompile>
    <ClCompile Include="src\vendor\imgui\imgui.cpp">
      <Filter>Source Files</Filter>
    </ClCompile>
    <ClCompile Include="src\vendor\imgui\imgui_demo.cpp">
      <Filter>Source Files</Filter>
    </ClCompile>
    <ClCompile Include="src\vendor\imgui\imgui_draw.cpp">
      <Filter>Source Files</Filter>
    </ClCompile>
    <ClCompile Include="src\vendor\imgui\imgui_impl_glfw.cpp">
      <Filter>Source Files</Filter>
    </ClCompile>
    <ClCompile Include="src\vendor\imgui\imgui_impl_opengl3.cpp">
      <Filter>Source Files</Filter>
    </ClCompile>
    <ClCompile Include="src\vendor\imgui\imgui_tables.cpp">
      <Filter>Source Files</Filter>
    </ClCompile>
    <ClCompile Include="src\vendor\imgui\imgui_widgets.cpp">
      <Filter>Source Files</Filter>
    </ClCompile>
    <ClCompile Include="src\Tests\TestClearColor.cpp">
      <Filter>Source Files</Filter>
    </ClCompile>
    <ClCompile Include="src\Tests\TestScaleTexture.cpp">
      <Filter>Source Files</Filter>
    </ClCompile>
    <ClCompile Include="src\Tests\TextureTest.cpp">
      <Filter>Source Files</Filter>
    </ClCompile>
    <ClCompile Include="src\vendor\imgui\imgui_stdlib.cpp">
      <Filter>Source Files</Filter>
    </ClCompile>
    <ClCompile Include="src\Tests\TransformTest.cpp">
      <Filter>Source Files</Filter>
    </ClCompile>
  </ItemGroup>
  <ItemGroup>
    <None Include="res\shaders\Basic.shader" />
    <None Include="res\shaders\Basic2.shader" />
  </ItemGroup>
  <ItemGroup>
    <ClInclude Include="src\vendor\imgui\imconfig.h">
      <Filter>Header Files</Filter>
    </ClInclude>
    <ClInclude Include="src\vendor\imgui\imgui.h">
      <Filter>Header Files</Filter>
    </ClInclude>
    <ClInclude Include="src\vendor\imgui\imgui_internal.h">
      <Filter>Header Files</Filter>
    </ClInclude>
    <ClInclude Include="src\vendor\imgui\imstb_rectpack.h">
      <Filter>Header Files</Filter>
    </ClInclude>
    <ClInclude Include="src\vendor\imgui\imstb_textedit.h">
      <Filter>Header Files</Filter>
    </ClInclude>
    <ClInclude Include="src\vendor\imgui\imstb_truetype.h">
      <Filter>Header Files</Filter>
    </ClInclude>
    <ClInclude Include="src\vendor\imgui\imgui_impl_glfw.h">
      <Filter>Header Files</Filter>
    </ClInclude>
    <ClInclude Include="src\vendor\imgui\imgui_impl_opengl3.h">
      <Filter>Header Files</Filter>
    </ClInclude>
    <ClInclude Include="src\vendor\imgui\imgui_impl_opengl3_loader.h">
      <Filter>Header Files</Filter>
    </ClInclude>
    <ClInclude Include="src\Tests\Test.h">
      <Filter>Header Files</Filter>
    </ClInclude>
    <ClInclude Include="src\Tests\TestClearColor.h">
      <Filter>Header Files</Filter>
    </ClInclude>
    <ClInclude Include="src\Tests\TestScaleTexture.h">
      <Filter>Header Files</Filter>
    </ClInclude>
    <ClInclude Include="src\Tests\TextureTest.h">
      <Filter>Header Files</Filter>
    </ClInclude>
    <ClInclude Include="src\vendor\imgui\imgui_stdlib.h">
      <Filter>Header Files</Filter>
    </ClInclude>
    <ClInclude Include="resource.h">
      <Filter>Header Files</Filter>
    </ClInclude>
    <ClInclude Include="src\Tests\TransformTest.h">
      <Filter>Header Files</Filter>
    </ClInclude>
  </ItemGroup>
  <ItemGroup>
    <Image Include="res\textures\kh3_box_art.jpg">
      <Filter>Resource Files</Filter>
    </Image>
    <Image Include="res\textures\nice gear hand.png">
      <Filter>Resource Files</Filter>
    </Image>
    <Image Include="res\textures\Miles Leap of Faith.png">
      <Filter>Resource Files</Filter>
    </Image>
    <Image Include="res\textures\Krita logo.jpg">
      <Filter>Resource Files</Filter>
    </Image>
    <Image Include="res\textures\learning.png.jpg">
      <Filter>Resource Files</Filter>
    </Image>
    <Image Include="res\textures\left click.png">
      <Filter>Resource Files</Filter>
    </Image>
    <Image Include="res\textures\line gun.jpg">
      <Filter>Resource Files</Filter>
    </Image>
    <Image Include="res\textures\MainCharacter_Base.png">
      <Filter>Resource Files</Filter>
    </Image>
    <Image Include="res\textures\maxresdefault.jpg">
      <Filter>Resource Files</Filter>
    </Image>
    <Image Include="res\textures\Maya example.jpg">
      <Filter>Resource Files</Filter>
    </Image>
    <Image Include="res\textures\Maya LT.jpg">
      <Filter>Resource Files</Filter>
    </Image>
    <Image Include="res\textures\Minecraft.PNG">
      <Filter>Resource Files</Filter>
    </Image>
    <Image Include="res\textures\morgana.jpg">
      <Filter>Resource Files</Filter>
    </Image>
    <Image Include="res\textures\mstar.PNG">
      <Filter>Resource Files</Filter>
    </Image>
    <Image Include="res\textures\My adjustments to main menu blueprint.PNG">
      <Filter>Resource Files</Filter>
    </Image>
    <Image Include="res\textures\My character creator.PNG">
      <Filter>Resource Files</Filter>
    </Image>
    <Image Include="res\textures\new battle system.PNG">
      <Filter>Resource Files</Filter>
    </Image>
    <Image Include="res\textures\new character.PNG">
      <Filter>Resource Files</Filter>
    </Image>
    <Image Include="res\textures\New gears.jpg">
      <Filter>Resource Files</Filter>
    </Image>
    <Image Include="res\textures\New Main Menu.png">
      <Filter>Resource Files</Filter>
    </Image>
    <Image Include="res\textures\new surprise.png">
      <Filter>Resource Files</Filter>
    </Image>
    <Image Include="res\textures\newell-steam-header.jpg.optimal.jpg">
      <Filter>Resource Files</Filter>
    </Image>
    <Image Include="res\textures\nice gear.jpg">
      <Filter>Resource Files</Filter>
    </Image>
    <Image Include="res\textures\original battle system.PNG">
      <Filter>Resource Files</Filter>
    </Image>
    <Image Include="res\textures\pac_man.png">
      <Filter>Resource Files</Filter>
    </Image>
    <Image Include="res\textures\PBS 2.PNG">
      <Filter>Resource Files</Filter>
    </Image>
    <Image Include="res\textures\PBS slide 3.PNG">
      <Filter>Resource Files</Filter>
    </Image>
    <Image Include="res\textures\PBS start.PNG">
      <Filter>Resource Files</Filter>
    </Image>
    <Image Include="res\textures\planetarium.jpg">
      <Filter>Resource Files</Filter>
    </Image>
    <Image Include="res\textures\planto base.png">
      <Filter>Resource Files</Filter>
    </Image>
    <Image Include="res\textures\PlaylistParadigmDiagram.png">
      <Filter>Resource Files</Filter>
    </Image>
    <Image Include="res\textures\Print percentages.PNG">
      <Filter>Resource Files</Filter>
    </Image>
    <Image Include="res\textures\purpose.jpg">
      <Filter>Resource Files</Filter>
    </Image>
    <Image Include="res\textures\red coin.PNG">
      <Filter>Resource Files</Filter>
    </Image>
    <Image Include="res\textures\return 2.jpg">
      <Filter>Resource Files</Filter>
    </Image>
    <Image Include="res\textures\return to origin.jpg">
      <Filter>Resource Files</Filter>
    </Image>
    <Image Include="res\textures\returning to origin.jpg">
      <Filter>Resource Files</Filter>
    </Image>
    <Image Include="res\WindowIcon\Gold Pawn 256 x 256.ico">
      <Filter>Resource Files</Filter>
    </Image>
    <Image Include="res\WindowIcon\Gold Pawn.png">
      <Filter>Resource Files</Filter>
    </Image>
    <Image Include="res\textures\newbuttonpressed.png">
      <Filter>Resource Files</Filter>
    </Image>
  </ItemGroup>
  <ItemGroup>
    <ResourceCompile Include="OpenGLChess.rc">
      <Filter>Resource Files</Filter>
    </ResourceCompile>
  </ItemGroup>
</Project>